{
  "requires": true,
  "lockfileVersion": 1,
  "dependencies": {
    "ssr-window": {
      "version": "1.0.1",
      "resolved": "https://registry.npmjs.org/ssr-window/-/ssr-window-1.0.1.tgz",
      "integrity": "sha512-dgFqB+f00LJTEgb6UXhx0h+SrG50LJvti2yMKMqAgzfUmUXZrLSv2fjULF7AWGwK25EXu8+smLR3jYsJQChPsg=="
    },
    "zx-editor": {
      "version": "3.0.2",
      "resolved": "https://registry.npmjs.org/zx-editor/-/zx-editor-3.0.2.tgz",
      "integrity": "sha512-634sazh1EgB4b4/AryoUS5y3qMl5MS4+7/6r0hU+yxfu1XZ0h9KSFcIj+Z4QqbcPd5Y0QY4Cjge+l1G1db/dnw==",
      "requires": {
        "ssr-window": "^1.0.1"
      }
    }
  }
}
